
Microsoft Visual Studio Solution File, Format Version 12.00
# Visual Studio 15
VisualStudioVersion = 15.0.28307.489
MinimumVisualStudioVersion = 10.0.40219.1
Project("{9A19103F-16F7-4668-BE54-9A1E7A4F7556}") = "LibVLCSharp.Forms.MediaPlayerElement", "LibVLCSharp.Forms.MediaPlayerElement\LibVLCSharp.Forms.MediaPlayerElement.csproj", "{46A2F2FE-9D99-4D56-8E82-BA1B5868B3B4}"
EndProject
Project("{FAE04EC0-301F-11D3-BF4B-00C04F79EFBC}") = "Sample.Android", "Sample\Sample.Android\Sample.Android.csproj", "{315BB606-A490-4CFB-8DFC-313563C330AE}"
EndProject
Project("{9A19103F-16F7-4668-BE54-9A1E7A4F7556}") = "Sample", "Sample\Sample\Sample.csproj", "{5DB0C9A7-06F7-4551-9AAA-39AECCC9D24D}"
EndProject
Project("{2150E333-8FDC-42A3-9474-1A3956D46DE8}") = "Solution Items", "Solution Items", "{F2EFCF3E-3E37-4E7F-9EFD-1119FDA16510}"
	ProjectSection(SolutionItems) = preProject
		.editorconfig = .editorconfig
		.gitattributes = .gitattributes
		.gitignore = .gitignore
		LICENSE = LICENSE
		README.md = README.md
		Screenshot.jpeg = Screenshot.jpeg
	EndProjectSection
EndProject
Project("{FAE04EC0-301F-11D3-BF4B-00C04F79EFBC}") = "Sample.iOS", "Sample\Sample.iOS\Sample.iOS.csproj", "{94695C44-E432-41DE-962F-E4622F9A8479}"
EndProject
Global
	GlobalSection(SolutionConfigurationPlatforms) = preSolution
		Ad-Hoc|Any CPU = Ad-Hoc|Any CPU
		Ad-Hoc|iPhone = Ad-Hoc|iPhone
		Ad-Hoc|iPhoneSimulator = Ad-Hoc|iPhoneSimulator
		AppStore|Any CPU = AppStore|Any CPU
		AppStore|iPhone = AppStore|iPhone
		AppStore|iPhoneSimulator = AppStore|iPhoneSimulator
		Debug|Any CPU = Debug|Any CPU
		Debug|iPhone = Debug|iPhone
		Debug|iPhoneSimulator = Debug|iPhoneSimulator
		Release|Any CPU = Release|Any CPU
		Release|iPhone = Release|iPhone
		Release|iPhoneSimulator = Release|iPhoneSimulator
	EndGlobalSection
	GlobalSection(ProjectConfigurationPlatforms) = postSolution
		{46A2F2FE-9D99-4D56-8E82-BA1B5868B3B4}.Ad-Hoc|Any CPU.ActiveCfg = Release|Any CPU
		{46A2F2FE-9D99-4D56-8E82-BA1B5868B3B4}.Ad-Hoc|Any CPU.Build.0 = Release|Any CPU
		{46A2F2FE-9D99-4D56-8E82-BA1B5868B3B4}.Ad-Hoc|iPhone.ActiveCfg = Release|Any CPU
		{46A2F2FE-9D99-4D56-8E82-BA1B5868B3B4}.Ad-Hoc|iPhone.Build.0 = Release|Any CPU
		{46A2F2FE-9D99-4D56-8E82-BA1B5868B3B4}.Ad-Hoc|iPhoneSimulator.ActiveCfg = Release|Any CPU
		{46A2F2FE-9D99-4D56-8E82-BA1B5868B3B4}.Ad-Hoc|iPhoneSimulator.Build.0 = Release|Any CPU
		{46A2F2FE-9D99-4D56-8E82-BA1B5868B3B4}.AppStore|Any CPU.ActiveCfg = Release|Any CPU
		{46A2F2FE-9D99-4D56-8E82-BA1B5868B3B4}.AppStore|Any CPU.Build.0 = Release|Any CPU
		{46A2F2FE-9D99-4D56-8E82-BA1B5868B3B4}.AppStore|iPhone.ActiveCfg = Release|Any CPU
		{46A2F2FE-9D99-4D56-8E82-BA1B5868B3B4}.AppStore|iPhone.Build.0 = Release|Any CPU
		{46A2F2FE-9D99-4D56-8E82-BA1B5868B3B4}.AppStore|iPhoneSimulator.ActiveCfg = Release|Any CPU
		{46A2F2FE-9D99-4D56-8E82-BA1B5868B3B4}.AppStore|iPhoneSimulator.Build.0 = Release|Any CPU
		{46A2F2FE-9D99-4D56-8E82-BA1B5868B3B4}.Debug|Any CPU.ActiveCfg = Debug|Any CPU
		{46A2F2FE-9D99-4D56-8E82-BA1B5868B3B4}.Debug|Any CPU.Build.0 = Debug|Any CPU
		{46A2F2FE-9D99-4D56-8E82-BA1B5868B3B4}.Debug|iPhone.ActiveCfg = Debug|Any CPU
		{46A2F2FE-9D99-4D56-8E82-BA1B5868B3B4}.Debug|iPhone.Build.0 = Debug|Any CPU
		{46A2F2FE-9D99-4D56-8E82-BA1B5868B3B4}.Debug|iPhoneSimulator.ActiveCfg = Debug|Any CPU
		{46A2F2FE-9D99-4D56-8E82-BA1B5868B3B4}.Debug|iPhoneSimulator.Build.0 = Debug|Any CPU
		{46A2F2FE-9D99-4D56-8E82-BA1B5868B3B4}.Release|Any CPU.ActiveCfg = Release|Any CPU
		{46A2F2FE-9D99-4D56-8E82-BA1B5868B3B4}.Release|Any CPU.Build.0 = Release|Any CPU
		{46A2F2FE-9D99-4D56-8E82-BA1B5868B3B4}.Release|iPhone.ActiveCfg = Release|Any CPU
		{46A2F2FE-9D99-4D56-8E82-BA1B5868B3B4}.Release|iPhone.Build.0 = Release|Any CPU
		{46A2F2FE-9D99-4D56-8E82-BA1B5868B3B4}.Release|iPhoneSimulator.ActiveCfg = Release|Any CPU
		{46A2F2FE-9D99-4D56-8E82-BA1B5868B3B4}.Release|iPhoneSimulator.Build.0 = Release|Any CPU
		{315BB606-A490-4CFB-8DFC-313563C330AE}.Ad-Hoc|Any CPU.ActiveCfg = Release|Any CPU
		{315BB606-A490-4CFB-8DFC-313563C330AE}.Ad-Hoc|Any CPU.Build.0 = Release|Any CPU
		{315BB606-A490-4CFB-8DFC-313563C330AE}.Ad-Hoc|Any CPU.Deploy.0 = Release|Any CPU
		{315BB606-A490-4CFB-8DFC-313563C330AE}.Ad-Hoc|iPhone.ActiveCfg = Release|Any CPU
		{315BB606-A490-4CFB-8DFC-313563C330AE}.Ad-Hoc|iPhone.Build.0 = Release|Any CPU
		{315BB606-A490-4CFB-8DFC-313563C330AE}.Ad-Hoc|iPhone.Deploy.0 = Release|Any CPU
		{315BB606-A490-4CFB-8DFC-313563C330AE}.Ad-Hoc|iPhoneSimulator.ActiveCfg = Release|Any CPU
		{315BB606-A490-4CFB-8DFC-313563C330AE}.Ad-Hoc|iPhoneSimulator.Build.0 = Release|Any CPU
		{315BB606-A490-4CFB-8DFC-313563C330AE}.Ad-Hoc|iPhoneSimulator.Deploy.0 = Release|Any CPU
		{315BB606-A490-4CFB-8DFC-313563C330AE}.AppStore|Any CPU.ActiveCfg = Release|Any CPU
		{315BB606-A490-4CFB-8DFC-313563C330AE}.AppStore|Any CPU.Build.0 = Release|Any CPU
		{315BB606-A490-4CFB-8DFC-313563C330AE}.AppStore|Any CPU.Deploy.0 = Release|Any CPU
		{315BB606-A490-4CFB-8DFC-313563C330AE}.AppStore|iPhone.ActiveCfg = Release|Any CPU
		{315BB606-A490-4CFB-8DFC-313563C330AE}.AppStore|iPhone.Build.0 = Release|Any CPU
		{315BB606-A490-4CFB-8DFC-313563C330AE}.AppStore|iPhone.Deploy.0 = Release|Any CPU
		{315BB606-A490-4CFB-8DFC-313563C330AE}.AppStore|iPhoneSimulator.ActiveCfg = Release|Any CPU
		{315BB606-A490-4CFB-8DFC-313563C330AE}.AppStore|iPhoneSimulator.Build.0 = Release|Any CPU
		{315BB606-A490-4CFB-8DFC-313563C330AE}.AppStore|iPhoneSimulator.Deploy.0 = Release|Any CPU
		{315BB606-A490-4CFB-8DFC-313563C330AE}.Debug|Any CPU.ActiveCfg = Debug|Any CPU
		{315BB606-A490-4CFB-8DFC-313563C330AE}.Debug|Any CPU.Build.0 = Debug|Any CPU
		{315BB606-A490-4CFB-8DFC-313563C330AE}.Debug|Any CPU.Deploy.0 = Debug|Any CPU
		{315BB606-A490-4CFB-8DFC-313563C330AE}.Debug|iPhone.ActiveCfg = Debug|Any CPU
		{315BB606-A490-4CFB-8DFC-313563C330AE}.Debug|iPhone.Build.0 = Debug|Any CPU
		{315BB606-A490-4CFB-8DFC-313563C330AE}.Debug|iPhone.Deploy.0 = Debug|Any CPU
		{315BB606-A490-4CFB-8DFC-313563C330AE}.Debug|iPhoneSimulator.ActiveCfg = Debug|Any CPU
		{315BB606-A490-4CFB-8DFC-313563C330AE}.Debug|iPhoneSimulator.Build.0 = Debug|Any CPU
		{315BB606-A490-4CFB-8DFC-313563C330AE}.Debug|iPhoneSimulator.Deploy.0 = Debug|Any CPU
		{315BB606-A490-4CFB-8DFC-313563C330AE}.Release|Any CPU.ActiveCfg = Release|Any CPU
		{315BB606-A490-4CFB-8DFC-313563C330AE}.Release|Any CPU.Build.0 = Release|Any CPU
		{315BB606-A490-4CFB-8DFC-313563C330AE}.Release|Any CPU.Deploy.0 = Release|Any CPU
		{315BB606-A490-4CFB-8DFC-313563C330AE}.Release|iPhone.ActiveCfg = Release|Any CPU
		{315BB606-A490-4CFB-8DFC-313563C330AE}.Release|iPhone.Build.0 = Release|Any CPU
		{315BB606-A490-4CFB-8DFC-313563C330AE}.Release|iPhone.Deploy.0 = Release|Any CPU
		{315BB606-A490-4CFB-8DFC-313563C330AE}.Release|iPhoneSimulator.ActiveCfg = Release|Any CPU
		{315BB606-A490-4CFB-8DFC-313563C330AE}.Release|iPhoneSimulator.Build.0 = Release|Any CPU
		{315BB606-A490-4CFB-8DFC-313563C330AE}.Release|iPhoneSimulator.Deploy.0 = Release|Any CPU
		{5DB0C9A7-06F7-4551-9AAA-39AECCC9D24D}.Ad-Hoc|Any CPU.ActiveCfg = Release|Any CPU
		{5DB0C9A7-06F7-4551-9AAA-39AECCC9D24D}.Ad-Hoc|Any CPU.Build.0 = Release|Any CPU
		{5DB0C9A7-06F7-4551-9AAA-39AECCC9D24D}.Ad-Hoc|iPhone.ActiveCfg = Release|Any CPU
		{5DB0C9A7-06F7-4551-9AAA-39AECCC9D24D}.Ad-Hoc|iPhone.Build.0 = Release|Any CPU
		{5DB0C9A7-06F7-4551-9AAA-39AECCC9D24D}.Ad-Hoc|iPhoneSimulator.ActiveCfg = Release|Any CPU
		{5DB0C9A7-06F7-4551-9AAA-39AECCC9D24D}.Ad-Hoc|iPhoneSimulator.Build.0 = Release|Any CPU
		{5DB0C9A7-06F7-4551-9AAA-39AECCC9D24D}.AppStore|Any CPU.ActiveCfg = Release|Any CPU
		{5DB0C9A7-06F7-4551-9AAA-39AECCC9D24D}.AppStore|Any CPU.Build.0 = Release|Any CPU
		{5DB0C9A7-06F7-4551-9AAA-39AECCC9D24D}.AppStore|iPhone.ActiveCfg = Release|Any CPU
		{5DB0C9A7-06F7-4551-9AAA-39AECCC9D24D}.AppStore|iPhone.Build.0 = Release|Any CPU
		{5DB0C9A7-06F7-4551-9AAA-39AECCC9D24D}.AppStore|iPhoneSimulator.ActiveCfg = Release|Any CPU
		{5DB0C9A7-06F7-4551-9AAA-39AECCC9D24D}.AppStore|iPhoneSimulator.Build.0 = Release|Any CPU
		{5DB0C9A7-06F7-4551-9AAA-39AECCC9D24D}.Debug|Any CPU.ActiveCfg = Debug|Any CPU
		{5DB0C9A7-06F7-4551-9AAA-39AECCC9D24D}.Debug|Any CPU.Build.0 = Debug|Any CPU
		{5DB0C9A7-06F7-4551-9AAA-39AECCC9D24D}.Debug|iPhone.ActiveCfg = Debug|Any CPU
		{5DB0C9A7-06F7-4551-9AAA-39AECCC9D24D}.Debug|iPhone.Build.0 = Debug|Any CPU
		{5DB0C9A7-06F7-4551-9AAA-39AECCC9D24D}.Debug|iPhoneSimulator.ActiveCfg = Debug|Any CPU
		{5DB0C9A7-06F7-4551-9AAA-39AECCC9D24D}.Debug|iPhoneSimulator.Build.0 = Debug|Any CPU
		{5DB0C9A7-06F7-4551-9AAA-39AECCC9D24D}.Release|Any CPU.ActiveCfg = Release|Any CPU
		{5DB0C9A7-06F7-4551-9AAA-39AECCC9D24D}.Release|Any CPU.Build.0 = Release|Any CPU
		{5DB0C9A7-06F7-4551-9AAA-39AECCC9D24D}.Release|iPhone.ActiveCfg = Release|Any CPU
		{5DB0C9A7-06F7-4551-9AAA-39AECCC9D24D}.Release|iPhone.Build.0 = Release|Any CPU
		{5DB0C9A7-06F7-4551-9AAA-39AECCC9D24D}.Release|iPhoneSimulator.ActiveCfg = Release|Any CPU
		{5DB0C9A7-06F7-4551-9AAA-39AECCC9D24D}.Release|iPhoneSimulator.Build.0 = Release|Any CPU
		{94695C44-E432-41DE-962F-E4622F9A8479}.Ad-Hoc|Any CPU.ActiveCfg = Ad-Hoc|iPhone
		{94695C44-E432-41DE-962F-E4622F9A8479}.Ad-Hoc|iPhone.ActiveCfg = Ad-Hoc|iPhone
		{94695C44-E432-41DE-962F-E4622F9A8479}.Ad-Hoc|iPhone.Build.0 = Ad-Hoc|iPhone
		{94695C44-E432-41DE-962F-E4622F9A8479}.Ad-Hoc|iPhoneSimulator.ActiveCfg = Ad-Hoc|iPhoneSimulator
		{94695C44-E432-41DE-962F-E4622F9A8479}.Ad-Hoc|iPhoneSimulator.Build.0 = Ad-Hoc|iPhoneSimulator
		{94695C44-E432-41DE-962F-E4622F9A8479}.AppStore|Any CPU.ActiveCfg = AppStore|iPhone
		{94695C44-E432-41DE-962F-E4622F9A8479}.AppStore|iPhone.ActiveCfg = AppStore|iPhone
		{94695C44-E432-41DE-962F-E4622F9A8479}.AppStore|iPhone.Build.0 = AppStore|iPhone
		{94695C44-E432-41DE-962F-E4622F9A8479}.AppStore|iPhoneSimulator.ActiveCfg = AppStore|iPhoneSimulator
		{94695C44-E432-41DE-962F-E4622F9A8479}.AppStore|iPhoneSimulator.Build.0 = AppStore|iPhoneSimulator
		{94695C44-E432-41DE-962F-E4622F9A8479}.Debug|Any CPU.ActiveCfg = Debug|iPhone
		{94695C44-E432-41DE-962F-E4622F9A8479}.Debug|iPhone.ActiveCfg = Debug|iPhone
		{94695C44-E432-41DE-962F-E4622F9A8479}.Debug|iPhone.Build.0 = Debug|iPhone
		{94695C44-E432-41DE-962F-E4622F9A8479}.Debug|iPhoneSimulator.ActiveCfg = Debug|iPhoneSimulator
		{94695C44-E432-41DE-962F-E4622F9A8479}.Debug|iPhoneSimulator.Build.0 = Debug|iPhoneSimulator
		{94695C44-E432-41DE-962F-E4622F9A8479}.Release|Any CPU.ActiveCfg = Release|iPhone
		{94695C44-E432-41DE-962F-E4622F9A8479}.Release|iPhone.ActiveCfg = Release|iPhone
		{94695C44-E432-41DE-962F-E4622F9A8479}.Release|iPhone.Build.0 = Release|iPhone
		{94695C44-E432-41DE-962F-E4622F9A8479}.Release|iPhoneSimulator.ActiveCfg = Release|iPhoneSimulator
		{94695C44-E432-41DE-962F-E4622F9A8479}.Release|iPhoneSimulator.Build.0 = Release|iPhoneSimulator
	EndGlobalSection
	GlobalSection(SolutionProperties) = preSolution
		HideSolutionNode = FALSE
	EndGlobalSection
	GlobalSection(ExtensibilityGlobals) = postSolution
		SolutionGuid = {81E9D41B-1C31-43E1-8366-4993D0453957}
	EndGlobalSection
EndGlobal
